
Microsoft Visual Studio Solution File, Format Version 12.00
Project("{2150E333-8FDC-42A3-9474-1A3956D46DE8}") = "src", "src", "{1CB5EB77-AA9F-43B5-950A-DD50BCBAEFB7}"
EndProject
Project("{2150E333-8FDC-42A3-9474-1A3956D46DE8}") = "tests", "tests", "{EC30B9ED-938F-477C-8E5F-12AC705182F9}"
EndProject
Project("{FAE04EC0-301F-11D3-BF4B-00C04F79EFBC}") = "Xo.Program", "src\Xo.Program\Xo.Program.csproj", "{5A9680D5-9BA9-472D-8D25-64053230C1F1}"
EndProject
Project("{2150E333-8FDC-42A3-9474-1A3956D46DE8}") = "items", "items", "{9E46559E-4697-4109-B5A0-508BBCE3EE27}"
	ProjectSection(SolutionItems) = preProject
		README.md = README.md
		.gitignore = .gitignore
		LICENSE = LICENSE
	EndProjectSection
EndProject
Project("{2150E333-8FDC-42A3-9474-1A3956D46DE8}") = "docs", "docs", "{D5EF2EB3-229E-489F-BC24-79217D261DF0}"
EndProject
Project("{2150E333-8FDC-42A3-9474-1A3956D46DE8}") = "samples", "samples", "{FEC6E1CA-3EF7-49AC-99A8-6D975A9CB5B4}"
	ProjectSection(SolutionItems) = preProject
		samples\sample.xo = samples\sample.xo
	EndProjectSection
EndProject
Project("{FAE04EC0-301F-11D3-BF4B-00C04F79EFBC}") = "Xo.Parsing", "src\Xo.Parsing\Xo.Parsing.csproj", "{09DD74C8-E7C9-4026-9090-134D0A851110}"
EndProject
Project("{FAE04EC0-301F-11D3-BF4B-00C04F79EFBC}") = "Xo.Parsing.UnitTests", "tests\Xo.Parsing.UnitTests\Xo.Parsing.UnitTests.csproj", "{5B932A56-10B0-4E1E-9532-CA828ED6699E}"
EndProject
Project("{FAE04EC0-301F-11D3-BF4B-00C04F79EFBC}") = "Xo.Ast", "src\Xo.Ast\Xo.Ast.csproj", "{C3B2264D-C72F-48F6-8F1C-4A489A6BA610}"
EndProject
Project("{FAE04EC0-301F-11D3-BF4B-00C04F79EFBC}") = "Xo.SourceCode", "src\Xo.SourceCode\Xo.SourceCode.csproj", "{01890865-96DE-480A-86A9-1EB5616909A3}"
EndProject
Project("{FAE04EC0-301F-11D3-BF4B-00C04F79EFBC}") = "Xo.CodeGeneration", "src\Xo.CodeGeneration\Xo.CodeGeneration.csproj", "{195D8C0B-E772-4848-8F1C-2771461396CF}"
EndProject
Project("{FAE04EC0-301F-11D3-BF4B-00C04F79EFBC}") = "Xo.Tcc", "src\Xo.Tcc\Xo.Tcc.csproj", "{BEBCF702-10D8-4DED-A7F4-91F2DDCE3F07}"
EndProject
Project("{FAE04EC0-301F-11D3-BF4B-00C04F79EFBC}") = "Xo.Session", "src\Xo.Session\Xo.Session.csproj", "{B553B7B0-D3F5-4B65-AAA6-627877266C55}"
EndProject
Project("{FAE04EC0-301F-11D3-BF4B-00C04F79EFBC}") = "Xo.SourceCode.UnitTests", "tests\Xo.SourceCode.UnitTests\Xo.SourceCode.UnitTests.csproj", "{91322B9C-4D18-4B08-8DC7-456BDDF57BB6}"
EndProject
Project("{FAE04EC0-301F-11D3-BF4B-00C04F79EFBC}") = "Xo.AstAnalysis", "src\Xo.AstAnalysis\Xo.AstAnalysis.csproj", "{D6BBBE32-A2C3-4DC0-8AC6-7916551B500B}"
EndProject
Global
	GlobalSection(SolutionConfigurationPlatforms) = preSolution
		Debug|Any CPU = Debug|Any CPU
		Release|Any CPU = Release|Any CPU
	EndGlobalSection
	GlobalSection(NestedProjects) = preSolution
		{5A9680D5-9BA9-472D-8D25-64053230C1F1} = {1CB5EB77-AA9F-43B5-950A-DD50BCBAEFB7}
		{09DD74C8-E7C9-4026-9090-134D0A851110} = {1CB5EB77-AA9F-43B5-950A-DD50BCBAEFB7}
		{5B932A56-10B0-4E1E-9532-CA828ED6699E} = {EC30B9ED-938F-477C-8E5F-12AC705182F9}
		{C3B2264D-C72F-48F6-8F1C-4A489A6BA610} = {1CB5EB77-AA9F-43B5-950A-DD50BCBAEFB7}
		{01890865-96DE-480A-86A9-1EB5616909A3} = {1CB5EB77-AA9F-43B5-950A-DD50BCBAEFB7}
		{195D8C0B-E772-4848-8F1C-2771461396CF} = {1CB5EB77-AA9F-43B5-950A-DD50BCBAEFB7}
		{BEBCF702-10D8-4DED-A7F4-91F2DDCE3F07} = {1CB5EB77-AA9F-43B5-950A-DD50BCBAEFB7}
		{B553B7B0-D3F5-4B65-AAA6-627877266C55} = {1CB5EB77-AA9F-43B5-950A-DD50BCBAEFB7}
		{91322B9C-4D18-4B08-8DC7-456BDDF57BB6} = {EC30B9ED-938F-477C-8E5F-12AC705182F9}
		{D6BBBE32-A2C3-4DC0-8AC6-7916551B500B} = {1CB5EB77-AA9F-43B5-950A-DD50BCBAEFB7}
	EndGlobalSection
	GlobalSection(ProjectConfigurationPlatforms) = postSolution
		{5A9680D5-9BA9-472D-8D25-64053230C1F1}.Debug|Any CPU.ActiveCfg = Debug|Any CPU
		{5A9680D5-9BA9-472D-8D25-64053230C1F1}.Debug|Any CPU.Build.0 = Debug|Any CPU
		{5A9680D5-9BA9-472D-8D25-64053230C1F1}.Release|Any CPU.ActiveCfg = Release|Any CPU
		{5A9680D5-9BA9-472D-8D25-64053230C1F1}.Release|Any CPU.Build.0 = Release|Any CPU
		{09DD74C8-E7C9-4026-9090-134D0A851110}.Debug|Any CPU.ActiveCfg = Debug|Any CPU
		{09DD74C8-E7C9-4026-9090-134D0A851110}.Debug|Any CPU.Build.0 = Debug|Any CPU
		{09DD74C8-E7C9-4026-9090-134D0A851110}.Release|Any CPU.ActiveCfg = Release|Any CPU
		{09DD74C8-E7C9-4026-9090-134D0A851110}.Release|Any CPU.Build.0 = Release|Any CPU
		{5B932A56-10B0-4E1E-9532-CA828ED6699E}.Debug|Any CPU.ActiveCfg = Debug|Any CPU
		{5B932A56-10B0-4E1E-9532-CA828ED6699E}.Debug|Any CPU.Build.0 = Debug|Any CPU
		{5B932A56-10B0-4E1E-9532-CA828ED6699E}.Release|Any CPU.ActiveCfg = Release|Any CPU
		{5B932A56-10B0-4E1E-9532-CA828ED6699E}.Release|Any CPU.Build.0 = Release|Any CPU
		{C3B2264D-C72F-48F6-8F1C-4A489A6BA610}.Debug|Any CPU.ActiveCfg = Debug|Any CPU
		{C3B2264D-C72F-48F6-8F1C-4A489A6BA610}.Debug|Any CPU.Build.0 = Debug|Any CPU
		{C3B2264D-C72F-48F6-8F1C-4A489A6BA610}.Release|Any CPU.ActiveCfg = Release|Any CPU
		{C3B2264D-C72F-48F6-8F1C-4A489A6BA610}.Release|Any CPU.Build.0 = Release|Any CPU
		{01890865-96DE-480A-86A9-1EB5616909A3}.Debug|Any CPU.ActiveCfg = Debug|Any CPU
		{01890865-96DE-480A-86A9-1EB5616909A3}.Debug|Any CPU.Build.0 = Debug|Any CPU
		{01890865-96DE-480A-86A9-1EB5616909A3}.Release|Any CPU.ActiveCfg = Release|Any CPU
		{01890865-96DE-480A-86A9-1EB5616909A3}.Release|Any CPU.Build.0 = Release|Any CPU
		{195D8C0B-E772-4848-8F1C-2771461396CF}.Debug|Any CPU.ActiveCfg = Debug|Any CPU
		{195D8C0B-E772-4848-8F1C-2771461396CF}.Debug|Any CPU.Build.0 = Debug|Any CPU
		{195D8C0B-E772-4848-8F1C-2771461396CF}.Release|Any CPU.ActiveCfg = Release|Any CPU
		{195D8C0B-E772-4848-8F1C-2771461396CF}.Release|Any CPU.Build.0 = Release|Any CPU
		{BEBCF702-10D8-4DED-A7F4-91F2DDCE3F07}.Debug|Any CPU.ActiveCfg = Debug|Any CPU
		{BEBCF702-10D8-4DED-A7F4-91F2DDCE3F07}.Debug|Any CPU.Build.0 = Debug|Any CPU
		{BEBCF702-10D8-4DED-A7F4-91F2DDCE3F07}.Release|Any CPU.ActiveCfg = Release|Any CPU
		{BEBCF702-10D8-4DED-A7F4-91F2DDCE3F07}.Release|Any CPU.Build.0 = Release|Any CPU
		{B553B7B0-D3F5-4B65-AAA6-627877266C55}.Debug|Any CPU.ActiveCfg = Debug|Any CPU
		{B553B7B0-D3F5-4B65-AAA6-627877266C55}.Debug|Any CPU.Build.0 = Debug|Any CPU
		{B553B7B0-D3F5-4B65-AAA6-627877266C55}.Release|Any CPU.ActiveCfg = Release|Any CPU
		{B553B7B0-D3F5-4B65-AAA6-627877266C55}.Release|Any CPU.Build.0 = Release|Any CPU
		{91322B9C-4D18-4B08-8DC7-456BDDF57BB6}.Debug|Any CPU.ActiveCfg = Debug|Any CPU
		{91322B9C-4D18-4B08-8DC7-456BDDF57BB6}.Debug|Any CPU.Build.0 = Debug|Any CPU
		{91322B9C-4D18-4B08-8DC7-456BDDF57BB6}.Release|Any CPU.ActiveCfg = Release|Any CPU
		{91322B9C-4D18-4B08-8DC7-456BDDF57BB6}.Release|Any CPU.Build.0 = Release|Any CPU
		{D6BBBE32-A2C3-4DC0-8AC6-7916551B500B}.Debug|Any CPU.ActiveCfg = Debug|Any CPU
		{D6BBBE32-A2C3-4DC0-8AC6-7916551B500B}.Debug|Any CPU.Build.0 = Debug|Any CPU
		{D6BBBE32-A2C3-4DC0-8AC6-7916551B500B}.Release|Any CPU.ActiveCfg = Release|Any CPU
		{D6BBBE32-A2C3-4DC0-8AC6-7916551B500B}.Release|Any CPU.Build.0 = Release|Any CPU
	EndGlobalSection
EndGlobal
